
Microsoft Visual Studio Solution File, Format Version 12.00
# Visual Studio 15
VisualStudioVersion = 15.0.28307.779
MinimumVisualStudioVersion = 10.0.40219.1
Project("{FAE04EC0-301F-11D3-BF4B-00C04F79EFBC}") = "GenericApplication", "GenericApplication\GenericApplication.csproj", "{06ACF382-9DD1-4BB3-94C0-87152AA79714}"
EndProject
Project("{FAE04EC0-301F-11D3-BF4B-00C04F79EFBC}") = "ClockEvent", "ClockEvent\ClockEvent.csproj", "{D9169418-D4E6-4706-8EA9-0064B894B2AC}"
EndProject
Global
	GlobalSection(SolutionConfigurationPlatforms) = preSolution
		Debug|Any CPU = Debug|Any CPU
		Release|Any CPU = Release|Any CPU
	EndGlobalSection
	GlobalSection(ProjectConfigurationPlatforms) = postSolution
		{06ACF382-9DD1-4BB3-94C0-87152AA79714}.Debug|Any CPU.ActiveCfg = Debug|Any CPU
		{06ACF382-9DD1-4BB3-94C0-87152AA79714}.Debug|Any CPU.Build.0 = Debug|Any CPU
		{06ACF382-9DD1-4BB3-94C0-87152AA79714}.Release|Any CPU.ActiveCfg = Release|Any CPU
		{06ACF382-9DD1-4BB3-94C0-87152AA79714}.Release|Any CPU.Build.0 = Release|Any CPU
		{D9169418-D4E6-4706-8EA9-0064B894B2AC}.Debug|Any CPU.ActiveCfg = Debug|Any CPU
		{D9169418-D4E6-4706-8EA9-0064B894B2AC}.Debug|Any CPU.Build.0 = Debug|Any CPU
		{D9169418-D4E6-4706-8EA9-0064B894B2AC}.Release|Any CPU.ActiveCfg = Release|Any CPU
		{D9169418-D4E6-4706-8EA9-0064B894B2AC}.Release|Any CPU.Build.0 = Release|Any CPU
	EndGlobalSection
	GlobalSection(SolutionProperties) = preSolution
		HideSolutionNode = FALSE
	EndGlobalSection
	GlobalSection(ExtensibilityGlobals) = postSolution
		SolutionGuid = {F1BD2FC2-74AC-473E-AEF4-689B60346FAC}
	EndGlobalSection
EndGlobal
